
Microsoft Visual Studio Solution File, Format Version 12.00
# Visual Studio Version 16
VisualStudioVersion = 16.0.30225.117
MinimumVisualStudioVersion = 10.0.40219.1
Project("{FAE04EC0-301F-11D3-BF4B-00C04F79EFBC}") = "FluentAPI", "FluentAPI\FluentAPI.csproj", "{321AEE0D-2660-48AC-9B01-D1861394997E}"
EndProject
Global
	GlobalSection(SolutionConfigurationPlatforms) = preSolution
		Debug|Any CPU = Debug|Any CPU
		Release|Any CPU = Release|Any CPU
	EndGlobalSection
	GlobalSection(ProjectConfigurationPlatforms) = postSolution
		{321AEE0D-2660-48AC-9B01-D1861394997E}.Debug|Any CPU.ActiveCfg = Debug|Any CPU
		{321AEE0D-2660-48AC-9B01-D1861394997E}.Debug|Any CPU.Build.0 = Debug|Any CPU
		{321AEE0D-2660-48AC-9B01-D1861394997E}.Release|Any CPU.ActiveCfg = Release|Any CPU
		{321AEE0D-2660-48AC-9B01-D1861394997E}.Release|Any CPU.Build.0 = Release|Any CPU
	EndGlobalSection
	GlobalSection(SolutionProperties) = preSolution
		HideSolutionNode = FALSE
	EndGlobalSection
	GlobalSection(ExtensibilityGlobals) = postSolution
		SolutionGuid = {67B70D79-0E3B-4095-8009-7370D7D61925}
	EndGlobalSection
EndGlobal
