
Microsoft Visual Studio Solution File, Format Version 12.00
# Visual Studio Version 16
VisualStudioVersion = 16.0.30225.117
MinimumVisualStudioVersion = 10.0.40219.1
Project("{FAE04EC0-301F-11D3-BF4B-00C04F79EFBC}") = "JWT", "JWT\JWT.csproj", "{0548C99A-4A4E-40D2-944F-A44794F62720}"
EndProject
Global
	GlobalSection(SolutionConfigurationPlatforms) = preSolution
		Debug|Any CPU = Debug|Any CPU
		Release|Any CPU = Release|Any CPU
	EndGlobalSection
	GlobalSection(ProjectConfigurationPlatforms) = postSolution
		{0548C99A-4A4E-40D2-944F-A44794F62720}.Debug|Any CPU.ActiveCfg = Debug|Any CPU
		{0548C99A-4A4E-40D2-944F-A44794F62720}.Debug|Any CPU.Build.0 = Debug|Any CPU
		{0548C99A-4A4E-40D2-944F-A44794F62720}.Release|Any CPU.ActiveCfg = Release|Any CPU
		{0548C99A-4A4E-40D2-944F-A44794F62720}.Release|Any CPU.Build.0 = Release|Any CPU
	EndGlobalSection
	GlobalSection(SolutionProperties) = preSolution
		HideSolutionNode = FALSE
	EndGlobalSection
	GlobalSection(ExtensibilityGlobals) = postSolution
		SolutionGuid = {F05DF2B0-820B-4F05-A818-865A6F577C7F}
	EndGlobalSection
EndGlobal
