
Microsoft Visual Studio Solution File, Format Version 12.00
# Visual Studio Version 16
VisualStudioVersion = 16.0.30225.117
MinimumVisualStudioVersion = 10.0.40219.1
Project("{FAE04EC0-301F-11D3-BF4B-00C04F79EFBC}") = "Mvc_Modelbinding", "Mvc_Modelbinding\Mvc_Modelbinding.csproj", "{3DD5137B-040B-4E11-B9A9-4EAC3768864E}"
EndProject
Global
	GlobalSection(SolutionConfigurationPlatforms) = preSolution
		Debug|Any CPU = Debug|Any CPU
		Release|Any CPU = Release|Any CPU
	EndGlobalSection
	GlobalSection(ProjectConfigurationPlatforms) = postSolution
		{3DD5137B-040B-4E11-B9A9-4EAC3768864E}.Debug|Any CPU.ActiveCfg = Debug|Any CPU
		{3DD5137B-040B-4E11-B9A9-4EAC3768864E}.Debug|Any CPU.Build.0 = Debug|Any CPU
		{3DD5137B-040B-4E11-B9A9-4EAC3768864E}.Release|Any CPU.ActiveCfg = Release|Any CPU
		{3DD5137B-040B-4E11-B9A9-4EAC3768864E}.Release|Any CPU.Build.0 = Release|Any CPU
	EndGlobalSection
	GlobalSection(SolutionProperties) = preSolution
		HideSolutionNode = FALSE
	EndGlobalSection
	GlobalSection(ExtensibilityGlobals) = postSolution
		SolutionGuid = {F79B247A-980A-4BD8-9A85-24D5F9AC89CA}
	EndGlobalSection
EndGlobal
