
Microsoft Visual Studio Solution File, Format Version 12.00
# Visual Studio Version 16
VisualStudioVersion = 16.0.30225.117
MinimumVisualStudioVersion = 10.0.40219.1
Project("{FAE04EC0-301F-11D3-BF4B-00C04F79EFBC}") = "WebAPI", "WebAPI\WebAPI.csproj", "{032A9837-592D-4700-BB70-E94863D55D26}"
EndProject
Global
	GlobalSection(SolutionConfigurationPlatforms) = preSolution
		Debug|Any CPU = Debug|Any CPU
		Release|Any CPU = Release|Any CPU
	EndGlobalSection
	GlobalSection(ProjectConfigurationPlatforms) = postSolution
		{032A9837-592D-4700-BB70-E94863D55D26}.Debug|Any CPU.ActiveCfg = Debug|Any CPU
		{032A9837-592D-4700-BB70-E94863D55D26}.Debug|Any CPU.Build.0 = Debug|Any CPU
		{032A9837-592D-4700-BB70-E94863D55D26}.Release|Any CPU.ActiveCfg = Release|Any CPU
		{032A9837-592D-4700-BB70-E94863D55D26}.Release|Any CPU.Build.0 = Release|Any CPU
	EndGlobalSection
	GlobalSection(SolutionProperties) = preSolution
		HideSolutionNode = FALSE
	EndGlobalSection
	GlobalSection(ExtensibilityGlobals) = postSolution
		SolutionGuid = {A24DC5A3-9EB7-4597-A159-B5B1757109B4}
	EndGlobalSection
EndGlobal
