
Microsoft Visual Studio Solution File, Format Version 12.00
# Visual Studio Version 16
VisualStudioVersion = 16.0.30225.117
MinimumVisualStudioVersion = 10.0.40219.1
Project("{FAE04EC0-301F-11D3-BF4B-00C04F79EFBC}") = "Atividade6.1", "Atividade6.1\Atividade6.1.csproj", "{5CD33613-6EBC-4368-AF7C-28A1719C03D5}"
EndProject
Global
	GlobalSection(SolutionConfigurationPlatforms) = preSolution
		Debug|Any CPU = Debug|Any CPU
		Release|Any CPU = Release|Any CPU
	EndGlobalSection
	GlobalSection(ProjectConfigurationPlatforms) = postSolution
		{5CD33613-6EBC-4368-AF7C-28A1719C03D5}.Debug|Any CPU.ActiveCfg = Debug|Any CPU
		{5CD33613-6EBC-4368-AF7C-28A1719C03D5}.Debug|Any CPU.Build.0 = Debug|Any CPU
		{5CD33613-6EBC-4368-AF7C-28A1719C03D5}.Release|Any CPU.ActiveCfg = Release|Any CPU
		{5CD33613-6EBC-4368-AF7C-28A1719C03D5}.Release|Any CPU.Build.0 = Release|Any CPU
	EndGlobalSection
	GlobalSection(SolutionProperties) = preSolution
		HideSolutionNode = FALSE
	EndGlobalSection
	GlobalSection(ExtensibilityGlobals) = postSolution
		SolutionGuid = {E43B89DF-AEA9-402D-873B-16244EDF4870}
	EndGlobalSection
EndGlobal
